
Microsoft Visual Studio Solution File, Format Version 12.00
# Visual Studio Version 17
VisualStudioVersion = 17.3.32901.215
MinimumVisualStudioVersion = 10.0.40219.1
Project("{FAE04EC0-301F-11D3-BF4B-00C04F79EFBC}") = "Dairoshi", "Dairoshi\Dairoshi.csproj", "{F2A1B7E2-43BF-4CA2-87C0-F953B0F24B52}"
EndProject
Global
	GlobalSection(SolutionConfigurationPlatforms) = preSolution
		Debug|Any CPU = Debug|Any CPU
		Release|Any CPU = Release|Any CPU
	EndGlobalSection
	GlobalSection(ProjectConfigurationPlatforms) = postSolution
		{F2A1B7E2-43BF-4CA2-87C0-F953B0F24B52}.Debug|Any CPU.ActiveCfg = Debug|Any CPU
		{F2A1B7E2-43BF-4CA2-87C0-F953B0F24B52}.Debug|Any CPU.Build.0 = Debug|Any CPU
		{F2A1B7E2-43BF-4CA2-87C0-F953B0F24B52}.Release|Any CPU.ActiveCfg = Release|Any CPU
		{F2A1B7E2-43BF-4CA2-87C0-F953B0F24B52}.Release|Any CPU.Build.0 = Release|Any CPU
	EndGlobalSection
	GlobalSection(SolutionProperties) = preSolution
		HideSolutionNode = FALSE
	EndGlobalSection
	GlobalSection(ExtensibilityGlobals) = postSolution
		SolutionGuid = {DCAB744C-7671-4264-B5CE-2FE236956531}
	EndGlobalSection
EndGlobal
